
Microsoft Visual Studio Solution File, Format Version 12.00
# Visual Studio Version 17
VisualStudioVersion = 17.9.34310.174
MinimumVisualStudioVersion = 10.0.40219.1
Project("{FAE04EC0-301F-11D3-BF4B-00C04F79EFBC}") = "UnicodeRangeToUtf16CompliantRegex", "UnicodeRangeToUtf16CompliantRegex\UnicodeRangeToUtf16CompliantRegex.csproj", "{F8739B0A-8F32-42DE-B811-0D0C3C718C18}"
EndProject
Global
	GlobalSection(SolutionConfigurationPlatforms) = preSolution
		Debug|Any CPU = Debug|Any CPU
		Debug|ARM32 = Debug|ARM32
		Debug|ARM64 = Debug|ARM64
		Debug|x64 = Debug|x64
		Debug|x86 = Debug|x86
		Release|Any CPU = Release|Any CPU
		Release|ARM32 = Release|ARM32
		Release|ARM64 = Release|ARM64
		Release|x64 = Release|x64
		Release|x86 = Release|x86
	EndGlobalSection
	GlobalSection(ProjectConfigurationPlatforms) = postSolution
		{F8739B0A-8F32-42DE-B811-0D0C3C718C18}.Debug|Any CPU.ActiveCfg = Debug|Any CPU
		{F8739B0A-8F32-42DE-B811-0D0C3C718C18}.Debug|Any CPU.Build.0 = Debug|Any CPU
		{F8739B0A-8F32-42DE-B811-0D0C3C718C18}.Debug|ARM32.ActiveCfg = Debug|ARM32
		{F8739B0A-8F32-42DE-B811-0D0C3C718C18}.Debug|ARM32.Build.0 = Debug|ARM32
		{F8739B0A-8F32-42DE-B811-0D0C3C718C18}.Debug|ARM64.ActiveCfg = Debug|ARM64
		{F8739B0A-8F32-42DE-B811-0D0C3C718C18}.Debug|ARM64.Build.0 = Debug|ARM64
		{F8739B0A-8F32-42DE-B811-0D0C3C718C18}.Debug|x64.ActiveCfg = Debug|x64
		{F8739B0A-8F32-42DE-B811-0D0C3C718C18}.Debug|x64.Build.0 = Debug|x64
		{F8739B0A-8F32-42DE-B811-0D0C3C718C18}.Debug|x86.ActiveCfg = Debug|x86
		{F8739B0A-8F32-42DE-B811-0D0C3C718C18}.Debug|x86.Build.0 = Debug|x86
		{F8739B0A-8F32-42DE-B811-0D0C3C718C18}.Release|Any CPU.ActiveCfg = Release|Any CPU
		{F8739B0A-8F32-42DE-B811-0D0C3C718C18}.Release|Any CPU.Build.0 = Release|Any CPU
		{F8739B0A-8F32-42DE-B811-0D0C3C718C18}.Release|ARM32.ActiveCfg = Release|ARM32
		{F8739B0A-8F32-42DE-B811-0D0C3C718C18}.Release|ARM32.Build.0 = Release|ARM32
		{F8739B0A-8F32-42DE-B811-0D0C3C718C18}.Release|ARM64.ActiveCfg = Release|ARM64
		{F8739B0A-8F32-42DE-B811-0D0C3C718C18}.Release|ARM64.Build.0 = Release|ARM64
		{F8739B0A-8F32-42DE-B811-0D0C3C718C18}.Release|x64.ActiveCfg = Release|x64
		{F8739B0A-8F32-42DE-B811-0D0C3C718C18}.Release|x64.Build.0 = Release|x64
		{F8739B0A-8F32-42DE-B811-0D0C3C718C18}.Release|x86.ActiveCfg = Release|x86
		{F8739B0A-8F32-42DE-B811-0D0C3C718C18}.Release|x86.Build.0 = Release|x86
	EndGlobalSection
	GlobalSection(SolutionProperties) = preSolution
		HideSolutionNode = FALSE
	EndGlobalSection
	GlobalSection(ExtensibilityGlobals) = postSolution
		SolutionGuid = {2BDD8A73-CB6B-4472-95FB-C78E1FB9E86F}
	EndGlobalSection
EndGlobal
